{
  "originHash" : "46dfb36e3270e9c287b4ae3c7275d281b975bb5e1f8574cb1956b93ab7b6ec00",
  "pins" : [
    {
      "identity" : "sdk-mobile-ios-native",
      "kind" : "remoteSourceControl",
      "location" : "https://github.com/Strivacity/sdk-mobile-ios-native",
      "state" : {
        "branch" : "main",
        "revision" : "12bb44a337dc9a3a9cdf4aeb084affda4ecc4e68"
      }
    }
  ],
  "version" : 3
}
